PATH
  remote: ../..
  specs:
    carton (0.1.0)

PATH
  remote: cartoned_gem
  specs:
    cartoned_gem (0.1.0)
      carton

GEM
  remote: https://rubygems.org/
  specs:

PLATFORMS
  arm64-darwin-23
  ruby

DEPENDENCIES
  carton!
  cartoned_gem!

CHECKSUMS
  carton (0.1.0)
  cartoned_gem (0.1.0)

BUNDLED WITH
  4.0.10
